
Microsoft Visual Studio Solution File, Format Version 10.00
# Visual Studio 2008
Project("{FAE04EC0-301F-11D3-BF4B-00C04F79EFBC}") = "UDPDP", "UDPDP\UDPDP.csproj", "{4ABAEB63-CBED-4CA0-BD54-74A57F79673E}"
EndProject
Project("{FAE04EC0-301F-11D3-BF4B-00C04F79EFBC}") = "UDPDPReplay", "UDPDPReplay\UDPDPReplay.csproj", "{155783A3-422F-433A-98FC-9634172B386F}"
EndProject
Project("{FAE04EC0-301F-11D3-BF4B-00C04F79EFBC}") = "Decryptor", "Decryptor\Decryptor.csproj", "{C4F4189E-5891-4634-93B4-E44B786D1AFB}"
EndProject
Project("{FAE04EC0-301F-11D3-BF4B-00C04F79EFBC}") = "SampleDecryptor", "SampleDecryptor\SampleDecryptor.csproj", "{CEC76865-DBC6-47A1-8B86-3CA9F72F27BB}"
EndProject
Project("{FAE04EC0-301F-11D3-BF4B-00C04F79EFBC}") = "UDPDPLogWriter", "UDPDPLogWriter\UDPDPLogWriter.csproj", "{0E751856-7F05-421C-BCE3-BE7F49649124}"
EndProject
Global
	GlobalSection(SolutionConfigurationPlatforms) = preSolution
		Debug|Any CPU = Debug|Any CPU
		Release|Any CPU = Release|Any CPU
	EndGlobalSection
	GlobalSection(ProjectConfigurationPlatforms) = postSolution
		{4ABAEB63-CBED-4CA0-BD54-74A57F79673E}.Debug|Any CPU.ActiveCfg = Debug|Any CPU
		{4ABAEB63-CBED-4CA0-BD54-74A57F79673E}.Debug|Any CPU.Build.0 = Debug|Any CPU
		{4ABAEB63-CBED-4CA0-BD54-74A57F79673E}.Release|Any CPU.ActiveCfg = Release|Any CPU
		{4ABAEB63-CBED-4CA0-BD54-74A57F79673E}.Release|Any CPU.Build.0 = Release|Any CPU
		{155783A3-422F-433A-98FC-9634172B386F}.Debug|Any CPU.ActiveCfg = Debug|Any CPU
		{155783A3-422F-433A-98FC-9634172B386F}.Debug|Any CPU.Build.0 = Debug|Any CPU
		{155783A3-422F-433A-98FC-9634172B386F}.Release|Any CPU.ActiveCfg = Release|Any CPU
		{155783A3-422F-433A-98FC-9634172B386F}.Release|Any CPU.Build.0 = Release|Any CPU
		{C4F4189E-5891-4634-93B4-E44B786D1AFB}.Debug|Any CPU.ActiveCfg = Debug|Any CPU
		{C4F4189E-5891-4634-93B4-E44B786D1AFB}.Debug|Any CPU.Build.0 = Debug|Any CPU
		{C4F4189E-5891-4634-93B4-E44B786D1AFB}.Release|Any CPU.ActiveCfg = Release|Any CPU
		{C4F4189E-5891-4634-93B4-E44B786D1AFB}.Release|Any CPU.Build.0 = Release|Any CPU
		{CEC76865-DBC6-47A1-8B86-3CA9F72F27BB}.Debug|Any CPU.ActiveCfg = Debug|Any CPU
		{CEC76865-DBC6-47A1-8B86-3CA9F72F27BB}.Debug|Any CPU.Build.0 = Debug|Any CPU
		{CEC76865-DBC6-47A1-8B86-3CA9F72F27BB}.Release|Any CPU.ActiveCfg = Release|Any CPU
		{CEC76865-DBC6-47A1-8B86-3CA9F72F27BB}.Release|Any CPU.Build.0 = Release|Any CPU
		{0E751856-7F05-421C-BCE3-BE7F49649124}.Debug|Any CPU.ActiveCfg = Debug|Any CPU
		{0E751856-7F05-421C-BCE3-BE7F49649124}.Debug|Any CPU.Build.0 = Debug|Any CPU
		{0E751856-7F05-421C-BCE3-BE7F49649124}.Release|Any CPU.ActiveCfg = Release|Any CPU
		{0E751856-7F05-421C-BCE3-BE7F49649124}.Release|Any CPU.Build.0 = Release|Any CPU
	EndGlobalSection
	GlobalSection(SolutionProperties) = preSolution
		HideSolutionNode = FALSE
	EndGlobalSection
EndGlobal
