
Microsoft Visual Studio Solution File, Format Version 10.00
# Visual Studio 2008
Project("{FAE04EC0-301F-11D3-BF4B-00C04F79EFBC}") = "UDPDP", "UDPDP\UDPDP.csproj", "{4ABAEB63-CBED-4CA0-BD54-74A57F79673E}"
EndProject
Project("{FAE04EC0-301F-11D3-BF4B-00C04F79EFBC}") = "UDPDPReplay", "UDPDPReplay\UDPDPReplay.csproj", "{155783A3-422F-433A-98FC-9634172B386F}"
EndProject
Project("{FAE04EC0-301F-11D3-BF4B-00C04F79EFBC}") = "Decryptor", "Decryptor\Decryptor.csproj", "{C4F4189E-5891-4634-93B4-E44B786D1AFB}"
EndProject
Project("{FAE04EC0-301F-11D3-BF4B-00C04F79EFBC}") = "UDPDPLogWriter", "UDPDPLogWriter\UDPDPLogWriter.csproj", "{0E751856-7F05-421C-BCE3-BE7F49649124}"
EndProject
Project("{8BC9CEB8-8B4A-11D0-8D11-00A0C91BC942}") = "SampleUnmanagedDecryptor", "SampleUnmanagedDecryptor\SampleUnmanagedDecryptor.vcproj", "{F98BBB3A-D3D1-46EC-99DA-D0EB76947712}"
EndProject
Project("{FAE04EC0-301F-11D3-BF4B-00C04F79EFBC}") = "SampleManagedDecryptor", "SampleManagedDecryptor\SampleManagedDecryptor.csproj", "{B566973F-97D9-4261-86B3-D031EC7AC65F}"
EndProject
Global
	GlobalSection(SolutionConfigurationPlatforms) = preSolution
		Debug|Any CPU = Debug|Any CPU
		Debug|Mixed Platforms = Debug|Mixed Platforms
		Debug|Win32 = Debug|Win32
		Debug|x86 = Debug|x86
		Release|Any CPU = Release|Any CPU
		Release|Mixed Platforms = Release|Mixed Platforms
		Release|Win32 = Release|Win32
		Release|x86 = Release|x86
	EndGlobalSection
	GlobalSection(ProjectConfigurationPlatforms) = postSolution
		{4ABAEB63-CBED-4CA0-BD54-74A57F79673E}.Debug|Any CPU.ActiveCfg = Debug|Any CPU
		{4ABAEB63-CBED-4CA0-BD54-74A57F79673E}.Debug|Any CPU.Build.0 = Debug|Any CPU
		{4ABAEB63-CBED-4CA0-BD54-74A57F79673E}.Debug|Mixed Platforms.ActiveCfg = Debug|x86
		{4ABAEB63-CBED-4CA0-BD54-74A57F79673E}.Debug|Mixed Platforms.Build.0 = Debug|x86
		{4ABAEB63-CBED-4CA0-BD54-74A57F79673E}.Debug|Win32.ActiveCfg = Debug|x86
		{4ABAEB63-CBED-4CA0-BD54-74A57F79673E}.Debug|x86.ActiveCfg = Debug|x86
		{4ABAEB63-CBED-4CA0-BD54-74A57F79673E}.Debug|x86.Build.0 = Debug|x86
		{4ABAEB63-CBED-4CA0-BD54-74A57F79673E}.Release|Any CPU.ActiveCfg = Release|Any CPU
		{4ABAEB63-CBED-4CA0-BD54-74A57F79673E}.Release|Any CPU.Build.0 = Release|Any CPU
		{4ABAEB63-CBED-4CA0-BD54-74A57F79673E}.Release|Mixed Platforms.ActiveCfg = Release|x86
		{4ABAEB63-CBED-4CA0-BD54-74A57F79673E}.Release|Mixed Platforms.Build.0 = Release|x86
		{4ABAEB63-CBED-4CA0-BD54-74A57F79673E}.Release|Win32.ActiveCfg = Release|x86
		{4ABAEB63-CBED-4CA0-BD54-74A57F79673E}.Release|x86.ActiveCfg = Release|x86
		{4ABAEB63-CBED-4CA0-BD54-74A57F79673E}.Release|x86.Build.0 = Release|x86
		{155783A3-422F-433A-98FC-9634172B386F}.Debug|Any CPU.ActiveCfg = Debug|Any CPU
		{155783A3-422F-433A-98FC-9634172B386F}.Debug|Any CPU.Build.0 = Debug|Any CPU
		{155783A3-422F-433A-98FC-9634172B386F}.Debug|Mixed Platforms.ActiveCfg = Debug|x86
		{155783A3-422F-433A-98FC-9634172B386F}.Debug|Mixed Platforms.Build.0 = Debug|x86
		{155783A3-422F-433A-98FC-9634172B386F}.Debug|Win32.ActiveCfg = Debug|x86
		{155783A3-422F-433A-98FC-9634172B386F}.Debug|x86.ActiveCfg = Debug|x86
		{155783A3-422F-433A-98FC-9634172B386F}.Debug|x86.Build.0 = Debug|x86
		{155783A3-422F-433A-98FC-9634172B386F}.Release|Any CPU.ActiveCfg = Release|Any CPU
		{155783A3-422F-433A-98FC-9634172B386F}.Release|Any CPU.Build.0 = Release|Any CPU
		{155783A3-422F-433A-98FC-9634172B386F}.Release|Mixed Platforms.ActiveCfg = Release|x86
		{155783A3-422F-433A-98FC-9634172B386F}.Release|Mixed Platforms.Build.0 = Release|x86
		{155783A3-422F-433A-98FC-9634172B386F}.Release|Win32.ActiveCfg = Release|x86
		{155783A3-422F-433A-98FC-9634172B386F}.Release|x86.ActiveCfg = Release|x86
		{155783A3-422F-433A-98FC-9634172B386F}.Release|x86.Build.0 = Release|x86
		{C4F4189E-5891-4634-93B4-E44B786D1AFB}.Debug|Any CPU.ActiveCfg = Debug|Any CPU
		{C4F4189E-5891-4634-93B4-E44B786D1AFB}.Debug|Any CPU.Build.0 = Debug|Any CPU
		{C4F4189E-5891-4634-93B4-E44B786D1AFB}.Debug|Mixed Platforms.ActiveCfg = Debug|x86
		{C4F4189E-5891-4634-93B4-E44B786D1AFB}.Debug|Mixed Platforms.Build.0 = Debug|x86
		{C4F4189E-5891-4634-93B4-E44B786D1AFB}.Debug|Win32.ActiveCfg = Debug|x86
		{C4F4189E-5891-4634-93B4-E44B786D1AFB}.Debug|x86.ActiveCfg = Debug|x86
		{C4F4189E-5891-4634-93B4-E44B786D1AFB}.Debug|x86.Build.0 = Debug|x86
		{C4F4189E-5891-4634-93B4-E44B786D1AFB}.Release|Any CPU.ActiveCfg = Release|Any CPU
		{C4F4189E-5891-4634-93B4-E44B786D1AFB}.Release|Any CPU.Build.0 = Release|Any CPU
		{C4F4189E-5891-4634-93B4-E44B786D1AFB}.Release|Mixed Platforms.ActiveCfg = Release|x86
		{C4F4189E-5891-4634-93B4-E44B786D1AFB}.Release|Mixed Platforms.Build.0 = Release|x86
		{C4F4189E-5891-4634-93B4-E44B786D1AFB}.Release|Win32.ActiveCfg = Release|x86
		{C4F4189E-5891-4634-93B4-E44B786D1AFB}.Release|x86.ActiveCfg = Release|x86
		{C4F4189E-5891-4634-93B4-E44B786D1AFB}.Release|x86.Build.0 = Release|x86
		{0E751856-7F05-421C-BCE3-BE7F49649124}.Debug|Any CPU.ActiveCfg = Debug|Any CPU
		{0E751856-7F05-421C-BCE3-BE7F49649124}.Debug|Any CPU.Build.0 = Debug|Any CPU
		{0E751856-7F05-421C-BCE3-BE7F49649124}.Debug|Mixed Platforms.ActiveCfg = Debug|x86
		{0E751856-7F05-421C-BCE3-BE7F49649124}.Debug|Mixed Platforms.Build.0 = Debug|x86
		{0E751856-7F05-421C-BCE3-BE7F49649124}.Debug|Win32.ActiveCfg = Debug|x86
		{0E751856-7F05-421C-BCE3-BE7F49649124}.Debug|x86.ActiveCfg = Debug|x86
		{0E751856-7F05-421C-BCE3-BE7F49649124}.Debug|x86.Build.0 = Debug|x86
		{0E751856-7F05-421C-BCE3-BE7F49649124}.Release|Any CPU.ActiveCfg = Release|Any CPU
		{0E751856-7F05-421C-BCE3-BE7F49649124}.Release|Any CPU.Build.0 = Release|Any CPU
		{0E751856-7F05-421C-BCE3-BE7F49649124}.Release|Mixed Platforms.ActiveCfg = Release|x86
		{0E751856-7F05-421C-BCE3-BE7F49649124}.Release|Mixed Platforms.Build.0 = Release|x86
		{0E751856-7F05-421C-BCE3-BE7F49649124}.Release|Win32.ActiveCfg = Release|x86
		{0E751856-7F05-421C-BCE3-BE7F49649124}.Release|x86.ActiveCfg = Release|x86
		{0E751856-7F05-421C-BCE3-BE7F49649124}.Release|x86.Build.0 = Release|x86
		{F98BBB3A-D3D1-46EC-99DA-D0EB76947712}.Debug|Any CPU.ActiveCfg = Debug|Win32
		{F98BBB3A-D3D1-46EC-99DA-D0EB76947712}.Debug|Mixed Platforms.ActiveCfg = Debug|Win32
		{F98BBB3A-D3D1-46EC-99DA-D0EB76947712}.Debug|Mixed Platforms.Build.0 = Debug|Win32
		{F98BBB3A-D3D1-46EC-99DA-D0EB76947712}.Debug|Win32.ActiveCfg = Debug|Win32
		{F98BBB3A-D3D1-46EC-99DA-D0EB76947712}.Debug|Win32.Build.0 = Debug|Win32
		{F98BBB3A-D3D1-46EC-99DA-D0EB76947712}.Debug|x86.ActiveCfg = Debug|Win32
		{F98BBB3A-D3D1-46EC-99DA-D0EB76947712}.Release|Any CPU.ActiveCfg = Release|Win32
		{F98BBB3A-D3D1-46EC-99DA-D0EB76947712}.Release|Mixed Platforms.ActiveCfg = Release|Win32
		{F98BBB3A-D3D1-46EC-99DA-D0EB76947712}.Release|Mixed Platforms.Build.0 = Release|Win32
		{F98BBB3A-D3D1-46EC-99DA-D0EB76947712}.Release|Win32.ActiveCfg = Release|Win32
		{F98BBB3A-D3D1-46EC-99DA-D0EB76947712}.Release|Win32.Build.0 = Release|Win32
		{F98BBB3A-D3D1-46EC-99DA-D0EB76947712}.Release|x86.ActiveCfg = Release|Win32
		{B566973F-97D9-4261-86B3-D031EC7AC65F}.Debug|Any CPU.ActiveCfg = Debug|Any CPU
		{B566973F-97D9-4261-86B3-D031EC7AC65F}.Debug|Any CPU.Build.0 = Debug|Any CPU
		{B566973F-97D9-4261-86B3-D031EC7AC65F}.Debug|Mixed Platforms.ActiveCfg = Debug|Any CPU
		{B566973F-97D9-4261-86B3-D031EC7AC65F}.Debug|Mixed Platforms.Build.0 = Debug|Any CPU
		{B566973F-97D9-4261-86B3-D031EC7AC65F}.Debug|Win32.ActiveCfg = Debug|Any CPU
		{B566973F-97D9-4261-86B3-D031EC7AC65F}.Debug|x86.ActiveCfg = Debug|Any CPU
		{B566973F-97D9-4261-86B3-D031EC7AC65F}.Release|Any CPU.ActiveCfg = Release|Any CPU
		{B566973F-97D9-4261-86B3-D031EC7AC65F}.Release|Any CPU.Build.0 = Release|Any CPU
		{B566973F-97D9-4261-86B3-D031EC7AC65F}.Release|Mixed Platforms.ActiveCfg = Release|Any CPU
		{B566973F-97D9-4261-86B3-D031EC7AC65F}.Release|Mixed Platforms.Build.0 = Release|Any CPU
		{B566973F-97D9-4261-86B3-D031EC7AC65F}.Release|Win32.ActiveCfg = Release|Any CPU
		{B566973F-97D9-4261-86B3-D031EC7AC65F}.Release|x86.ActiveCfg = Release|Any CPU
	EndGlobalSection
	GlobalSection(SolutionProperties) = preSolution
		HideSolutionNode = FALSE
	EndGlobalSection
EndGlobal
